// !$*UTF8*$!
{
	archiveVersion = 1;
	classes = {
	};
	objectVersion = 50;
	objects = {

/* Begin PBXBuildFile section */
		DD077B152346A61300EFED6C /* MockNotificationCenter.swift in Sources */ = {isa = PBXBuildFile; fileRef = DD077B142346A61300EFED6C /* MockNotificationCenter.swift */; };
		DD077B162346A61300EFED6C /* MockNotificationCenter.swift in Sources */ = {isa = PBXBuildFile; fileRef = DD077B142346A61300EFED6C /* MockNotificationCenter.swift */; };
		DD077B182346A65400EFED6C /* NotifiactionCenterProtocol.swift in Sources */ = {isa = PBXBuildFile; fileRef = DD077B172346A65400EFED6C /* NotifiactionCenterProtocol.swift */; };
		DD077B192346A65400EFED6C /* NotifiactionCenterProtocol.swift in Sources */ = {isa = PBXBuildFile; fileRef = DD077B172346A65400EFED6C /* NotifiactionCenterProtocol.swift */; };
		DD20EF3222D3FB0D00B08C68 /* AppDelegate.swift in Sources */ = {isa = PBXBuildFile; fileRef = DD20EF3122D3FB0D00B08C68 /* AppDelegate.swift */; };
		DD20EF3422D3FB0D00B08C68 /* ViewController.swift in Sources */ = {isa = PBXBuildFile; fileRef = DD20EF3322D3FB0D00B08C68 /* ViewController.swift */; };
		DD20EF3722D3FB0D00B08C68 /* Main.storyboard in Resources */ = {isa = PBXBuildFile; fileRef = DD20EF3522D3FB0D00B08C68 /* Main.storyboard */; };
		DD20EF3922D3FB0E00B08C68 /* Assets.xcassets in Resources */ = {isa = PBXBuildFile; fileRef = DD20EF3822D3FB0E00B08C68 /* Assets.xcassets */; };
		DD20EF3C22D3FB0E00B08C68 /* LaunchScreen.storyboard in Resources */ = {isa = PBXBuildFile; fileRef = DD20EF3A22D3FB0E00B08C68 /* LaunchScreen.storyboard */; };
		DD20EF4722D3FB0E00B08C68 /* TestObserverTests.swift in Sources */ = {isa = PBXBuildFile; fileRef = DD20EF4622D3FB0E00B08C68 /* TestObserverTests.swift */; };
		DD20EF5222D3FB0E00B08C68 /* TestObserverUITests.swift in Sources */ = {isa = PBXBuildFile; fileRef = DD20EF5122D3FB0E00B08C68 /* TestObserverUITests.swift */; };
/* End PBXBuildFile section */

/* Begin PBXContainerItemProxy section */
		DD20EF4322D3FB0E00B08C68 /* PBXContainerItemProxy */ = {
			isa = PBXContainerItemProxy;
			containerPortal = DD20EF2622D3FB0D00B08C68 /* Project object */;
			proxyType = 1;
			remoteGlobalIDString = DD20EF2D22D3FB0D00B08C68;
			remoteInfo = TestObserver;
		};
		DD20EF4E22D3FB0E00B08C68 /* PBXContainerItemProxy */ = {
			isa = PBXContainerItemProxy;
			containerPortal = DD20EF2622D3FB0D00B08C68 /* Project object */;
			proxyType = 1;
			remoteGlobalIDString = DD20EF2D22D3FB0D00B08C68;
			remoteInfo = TestObserver;
		};
/* End PBXContainerItemProxy section */

/* Begin PBXFileReference section */
		DD077B142346A61300EFED6C /* MockNotificationCenter.swift */ = {isa = PBXFileReference; lastKnownFileType = sourcecode.swift; path = MockNotificationCenter.swift; sourceTree = "<group>"; };
		DD077B172346A65400EFED6C /* NotifiactionCenterProtocol.swift */ = {isa = PBXFileReference; lastKnownFileType = sourcecode.swift; path = NotifiactionCenterProtocol.swift; sourceTree = "<group>"; };
		DD20EF2E22D3FB0D00B08C68 /* TestObserver.app */ = {isa = PBXFileReference; explicitFileType = wrapper.application; includeInIndex = 0; path = TestObserver.app; sourceTree = BUILT_PRODUCTS_DIR; };
		DD20EF3122D3FB0D00B08C68 /* AppDelegate.swift */ = {isa = PBXFileReference; lastKnownFileType = sourcecode.swift; path = AppDelegate.swift; sourceTree = "<group>"; };
		DD20EF3322D3FB0D00B08C68 /* ViewController.swift */ = {isa = PBXFileReference; lastKnownFileType = sourcecode.swift; path = ViewController.swift; sourceTree = "<group>"; };
		DD20EF3622D3FB0D00B08C68 /* Base */ = {isa = PBXFileReference; lastKnownFileType = file.storyboard; name = Base; path = Base.lproj/Main.storyboard; sourceTree = "<group>"; };
		DD20EF3822D3FB0E00B08C68 /* Assets.xcassets */ = {isa = PBXFileReference; lastKnownFileType = folder.assetcatalog; path = Assets.xcassets; sourceTree = "<group>"; };
		DD20EF3B22D3FB0E00B08C68 /* Base */ = {isa = PBXFileReference; lastKnownFileType = file.storyboard; name = Base; path = Base.lproj/LaunchScreen.storyboard; sourceTree = "<group>"; };
		DD20EF3D22D3FB0E00B08C68 /* Info.plist */ = {isa = PBXFileReference; lastKnownFileType = text.plist.xml; path = Info.plist; sourceTree = "<group>"; };
		DD20EF4222D3FB0E00B08C68 /* TestObserverTests.xctest */ = {isa = PBXFileReference; explicitFileType = wrapper.cfbundle; includeInIndex = 0; path = TestObserverTests.xctest; sourceTree = BUILT_PRODUCTS_DIR; };
		DD20EF4622D3FB0E00B08C68 /* TestObserverTests.swift */ = {isa = PBXFileReference; lastKnownFileType = sourcecode.swift; path = TestObserverTests.swift; sourceTree = "<group>"; };
		DD20EF4822D3FB0E00B08C68 /* Info.plist */ = {isa = PBXFileReference; lastKnownFileType = text.plist.xml; path = Info.plist; sourceTree = "<group>"; };
		DD20EF4D22D3FB0E00B08C68 /* TestObserverUITests.xctest */ = {isa = PBXFileReference; explicitFileType = wrapper.cfbundle; includeInIndex = 0; path = TestObserverUITests.xctest; sourceTree = BUILT_PRODUCTS_DIR; };
		DD20EF5122D3FB0E00B08C68 /* TestObserverUITests.swift */ = {isa = PBXFileReference; lastKnownFileType = sourcecode.swift; path = TestObserverUITests.swift; sourceTree = "<group>"; };
		DD20EF5322D3FB0E00B08C68 /* Info.plist */ = {isa = PBXFileReference; lastKnownFileType = text.plist.xml; path = Info.plist; sourceTree = "<group>"; };
/* End PBXFileReference section */

/* Begin PBXFrameworksBuildPhase section */
		DD20EF2B22D3FB0D00B08C68 /* Frameworks */ = {
			isa = PBXFrameworksBuildPhase;
			buildActionMask = 2147483647;
			files = (
			);
			runOnlyForDeploymentPostprocessing = 0;
		};
		DD20EF3F22D3FB0E00B08C68 /* Frameworks */ = {
			isa = PBXFrameworksBuildPhase;
			buildActionMask = 2147483647;
			files = (
			);
			runOnlyForDeploymentPostprocessing = 0;
		};
		DD20EF4A22D3FB0E00B08C68 /* Frameworks */ = {
			isa = PBXFrameworksBuildPhase;
			buildActionMask = 2147483647;
			files = (
			);
			runOnlyForDeploymentPostprocessing = 0;
		};
/* End PBXFrameworksBuildPhase section */

/* Begin PBXGroup section */
		DD20EF2522D3FB0D00B08C68 = {
			isa = PBXGroup;
			children = (
				DD20EF3022D3FB0D00B08C68 /* TestObserver */,
				DD20EF4522D3FB0E00B08C68 /* TestObserverTests */,
				DD20EF5022D3FB0E00B08C68 /* TestObserverUITests */,
				DD20EF2F22D3FB0D00B08C68 /* Products */,
			);
			sourceTree = "<group>";
		};
		DD20EF2F22D3FB0D00B08C68 /* Products */ = {
			isa = PBXGroup;
			children = (
				DD20EF2E22D3FB0D00B08C68 /* TestObserver.app */,
				DD20EF4222D3FB0E00B08C68 /* TestObserverTests.xctest */,
				DD20EF4D22D3FB0E00B08C68 /* TestObserverUITests.xctest */,
			);
			name = Products;
			sourceTree = "<group>";
		};
		DD20EF3022D3FB0D00B08C68 /* TestObserver */ = {
			isa = PBXGroup;
			children = (
				DD20EF3122D3FB0D00B08C68 /* AppDelegate.swift */,
				DD20EF3322D3FB0D00B08C68 /* ViewController.swift */,
				DD077B172346A65400EFED6C /* NotifiactionCenterProtocol.swift */,
				DD077B142346A61300EFED6C /* MockNotificationCenter.swift */,
				DD20EF3522D3FB0D00B08C68 /* Main.storyboard */,
				DD20EF3822D3FB0E00B08C68 /* Assets.xcassets */,
				DD20EF3A22D3FB0E00B08C68 /* LaunchScreen.storyboard */,
				DD20EF3D22D3FB0E00B08C68 /* Info.plist */,
			);
			path = TestObserver;
			sourceTree = "<group>";
		};
		DD20EF4522D3FB0E00B08C68 /* TestObserverTests */ = {
			isa = PBXGroup;
			children = (
				DD20EF4622D3FB0E00B08C68 /* TestObserverTests.swift */,
				DD20EF4822D3FB0E00B08C68 /* Info.plist */,
			);
			path = TestObserverTests;
			sourceTree = "<group>";
		};
		DD20EF5022D3FB0E00B08C68 /* TestObserverUITests */ = {
			isa = PBXGroup;
			children = (
				DD20EF5122D3FB0E00B08C68 /* TestObserverUITests.swift */,
				DD20EF5322D3FB0E00B08C68 /* Info.plist */,
			);
			path = TestObserverUITests;
			sourceTree = "<group>";
		};
/* End PBXGroup section */

/* Begin PBXNativeTarget section */
		DD20EF2D22D3FB0D00B08C68 /* TestObserver */ = {
			isa = PBXNativeTarget;
			buildConfigurationList = DD20EF5622D3FB0E00B08C68 /* Build configuration list for PBXNativeTarget "TestObserver" */;
			buildPhases = (
				DD20EF2A22D3FB0D00B08C68 /* Sources */,
				DD20EF2B22D3FB0D00B08C68 /* Frameworks */,
				DD20EF2C22D3FB0D00B08C68 /* Resources */,
			);
			buildRules = (
			);
			dependencies = (
			);
			name = TestObserver;
			productName = TestObserver;
			productReference = DD20EF2E22D3FB0D00B08C68 /* TestObserver.app */;
			productType = "com.apple.product-type.application";
		};
		DD20EF4122D3FB0E00B08C68 /* TestObserverTests */ = {
			isa = PBXNativeTarget;
			buildConfigurationList = DD20EF5922D3FB0E00B08C68 /* Build configuration list for PBXNativeTarget "TestObserverTests" */;
			buildPhases = (
				DD20EF3E22D3FB0E00B08C68 /* Sources */,
				DD20EF3F22D3FB0E00B08C68 /* Frameworks */,
				DD20EF4022D3FB0E00B08C68 /* Resources */,
			);
			buildRules = (
			);
			dependencies = (
				DD20EF4422D3FB0E00B08C68 /* PBXTargetDependency */,
			);
			name = TestObserverTests;
			productName = TestObserverTests;
			productReference = DD20EF4222D3FB0E00B08C68 /* TestObserverTests.xctest */;
			productType = "com.apple.product-type.bundle.unit-test";
		};
		DD20EF4C22D3FB0E00B08C68 /* TestObserverUITests */ = {
			isa = PBXNativeTarget;
			buildConfigurationList = DD20EF5C22D3FB0E00B08C68 /* Build configuration list for PBXNativeTarget "TestObserverUITests" */;
			buildPhases = (
				DD20EF4922D3FB0E00B08C68 /* Sources */,
				DD20EF4A22D3FB0E00B08C68 /* Frameworks */,
				DD20EF4B22D3FB0E00B08C68 /* Resources */,
			);
			buildRules = (
			);
			dependencies = (
				DD20EF4F22D3FB0E00B08C68 /* PBXTargetDependency */,
			);
			name = TestObserverUITests;
			productName = TestObserverUITests;
			productReference = DD20EF4D22D3FB0E00B08C68 /* TestObserverUITests.xctest */;
			productType = "com.apple.product-type.bundle.ui-testing";
		};
/* End PBXNativeTarget section */

/* Begin PBXProject section */
		DD20EF2622D3FB0D00B08C68 /* Project object */ = {
			isa = PBXProject;
			attributes = {
				LastSwiftUpdateCheck = 1020;
				LastUpgradeCheck = 1020;
				ORGANIZATIONNAME = "POREDDY, RAJA";
				TargetAttributes = {
					DD20EF2D22D3FB0D00B08C68 = {
						CreatedOnToolsVersion = 10.2.1;
					};
					DD20EF4122D3FB0E00B08C68 = {
						CreatedOnToolsVersion = 10.2.1;
						TestTargetID = DD20EF2D22D3FB0D00B08C68;
					};
					DD20EF4C22D3FB0E00B08C68 = {
						CreatedOnToolsVersion = 10.2.1;
						TestTargetID = DD20EF2D22D3FB0D00B08C68;
					};
				};
			};
			buildConfigurationList = DD20EF2922D3FB0D00B08C68 /* Build configuration list for PBXProject "TestObserver" */;
			compatibilityVersion = "Xcode 9.3";
			developmentRegion = en;
			hasScannedForEncodings = 0;
			knownRegions = (
				en,
				Base,
			);
			mainGroup = DD20EF2522D3FB0D00B08C68;
			productRefGroup = DD20EF2F22D3FB0D00B08C68 /* Products */;
			projectDirPath = "";
			projectRoot = "";
			targets = (
				DD20EF2D22D3FB0D00B08C68 /* TestObserver */,
				DD20EF4122D3FB0E00B08C68 /* TestObserverTests */,
				DD20EF4C22D3FB0E00B08C68 /* TestObserverUITests */,
			);
		};
/* End PBXProject section */

/* Begin PBXResourcesBuildPhase section */
		DD20EF2C22D3FB0D00B08C68 /* Resources */ = {
			isa = PBXResourcesBuildPhase;
			buildActionMask = 2147483647;
			files = (
				DD20EF3C22D3FB0E00B08C68 /* LaunchScreen.storyboard in Resources */,
				DD20EF3922D3FB0E00B08C68 /* Assets.xcassets in Resources */,
				DD20EF3722D3FB0D00B08C68 /* Main.storyboard in Resources */,
			);
			runOnlyForDeploymentPostprocessing = 0;
		};
		DD20EF4022D3FB0E00B08C68 /* Resources */ = {
			isa = PBXResourcesBuildPhase;
			buildActionMask = 2147483647;
			files = (
			);
			runOnlyForDeploymentPostprocessing = 0;
		};
		DD20EF4B22D3FB0E00B08C68 /* Resources */ = {
			isa = PBXResourcesBuildPhase;
			buildActionMask = 2147483647;
			files = (
			);
			runOnlyForDeploymentPostprocessing = 0;
		};
/* End PBXResourcesBuildPhase section */

/* Begin PBXSourcesBuildPhase section */
		DD20EF2A22D3FB0D00B08C68 /* Sources */ = {
			isa = PBXSourcesBuildPhase;
			buildActionMask = 2147483647;
			files = (
				DD20EF3422D3FB0D00B08C68 /* ViewController.swift in Sources */,
				DD077B152346A61300EFED6C /* MockNotificationCenter.swift in Sources */,
				DD077B182346A65400EFED6C /* NotifiactionCenterProtocol.swift in Sources */,
				DD20EF3222D3FB0D00B08C68 /* AppDelegate.swift in Sources */,
			);
			runOnlyForDeploymentPostprocessing = 0;
		};
		DD20EF3E22D3FB0E00B08C68 /* Sources */ = {
			isa = PBXSourcesBuildPhase;
			buildActionMask = 2147483647;
			files = (
				DD20EF4722D3FB0E00B08C68 /* TestObserverTests.swift in Sources */,
				DD077B162346A61300EFED6C /* MockNotificationCenter.swift in Sources */,
				DD077B192346A65400EFED6C /* NotifiactionCenterProtocol.swift in Sources */,
			);
			runOnlyForDeploymentPostprocessing = 0;
		};
		DD20EF4922D3FB0E00B08C68 /* Sources */ = {
			isa = PBXSourcesBuildPhase;
			buildActionMask = 2147483647;
			files = (
				DD20EF5222D3FB0E00B08C68 /* TestObserverUITests.swift in Sources */,
			);
			runOnlyForDeploymentPostprocessing = 0;
		};
/* End PBXSourcesBuildPhase section */

/* Begin PBXTargetDependency section */
		DD20EF4422D3FB0E00B08C68 /* PBXTargetDependency */ = {
			isa = PBXTargetDependency;
			target = DD20EF2D22D3FB0D00B08C68 /* TestObserver */;
			targetProxy = DD20EF4322D3FB0E00B08C68 /* PBXContainerItemProxy */;
		};
		DD20EF4F22D3FB0E00B08C68 /* PBXTargetDependency */ = {
			isa = PBXTargetDependency;
			target = DD20EF2D22D3FB0D00B08C68 /* TestObserver */;
			targetProxy = DD20EF4E22D3FB0E00B08C68 /* PBXContainerItemProxy */;
		};
/* End PBXTargetDependency section */

/* Begin PBXVariantGroup section */
		DD20EF3522D3FB0D00B08C68 /* Main.storyboard */ = {
			isa = PBXVariantGroup;
			children = (
				DD20EF3622D3FB0D00B08C68 /* Base */,
			);
			name = Main.storyboard;
			sourceTree = "<group>";
		};
		DD20EF3A22D3FB0E00B08C68 /* LaunchScreen.storyboard */ = {
			isa = PBXVariantGroup;
			children = (
				DD20EF3B22D3FB0E00B08C68 /* Base */,
			);
			name = LaunchScreen.storyboard;
			sourceTree = "<group>";
		};
/* End PBXVariantGroup section */

/* Begin XCBuildConfiguration section */
		DD20EF5422D3FB0E00B08C68 /* Debug */ = {
			isa = XCBuildConfiguration;
			buildSettings = {
				ALWAYS_SEARCH_USER_PATHS = NO;
				CLANG_ANALYZER_NONNULL = YES;
				CLANG_ANALYZER_NUMBER_OBJECT_CONVERSION = YES_AGGRESSIVE;
				CLANG_CXX_LANGUAGE_STANDARD = "gnu++14";
				CLANG_CXX_LIBRARY = "libc++";
				CLANG_ENABLE_MODULES = YES;
				CLANG_ENABLE_OBJC_ARC = YES;
				CLANG_ENABLE_OBJC_WEAK = YES;
				CLANG_WARN_BLOCK_CAPTURE_AUTORELEASING = YES;
				CLANG_WARN_BOOL_CONVERSION = YES;
				CLANG_WARN_COMMA = YES;
				CLANG_WARN_CONSTANT_CONVERSION = YES;
				CLANG_WARN_DEPRECATED_OBJC_IMPLEMENTATIONS = YES;
				CLANG_WARN_DIRECT_OBJC_ISA_USAGE = YES_ERROR;
				CLANG_WARN_DOCUMENTATION_COMMENTS = YES;
				CLANG_WARN_EMPTY_BODY = YES;
				CLANG_WARN_ENUM_CONVERSION = YES;
				CLANG_WARN_INFINITE_RECURSION = YES;
				CLANG_WARN_INT_CONVERSION = YES;
				CLANG_WARN_NON_LITERAL_NULL_CONVERSION = YES;
				CLANG_WARN_OBJC_IMPLICIT_RETAIN_SELF = YES;
				CLANG_WARN_OBJC_LITERAL_CONVERSION = YES;
				CLANG_WARN_OBJC_ROOT_CLASS = YES_ERROR;
				CLANG_WARN_RANGE_LOOP_ANALYSIS = YES;
				CLANG_WARN_STRICT_PROTOTYPES = YES;
				CLANG_WARN_SUSPICIOUS_MOVE = YES;
				CLANG_WARN_UNGUARDED_AVAILABILITY = YES_AGGRESSIVE;
				CLANG_WARN_UNREACHABLE_CODE = YES;
				CLANG_WARN__DUPLICATE_METHOD_MATCH = YES;
				CODE_SIGN_IDENTITY = "iPhone Developer";
				COPY_PHASE_STRIP = NO;
				DEBUG_INFORMATION_FORMAT = dwarf;
				ENABLE_STRICT_OBJC_MSGSEND = YES;
				ENABLE_TESTABILITY = YES;
				GCC_C_LANGUAGE_STANDARD = gnu11;
				GCC_DYNAMIC_NO_PIC = NO;
				GCC_NO_COMMON_BLOCKS = YES;
				GCC_OPTIMIZATION_LEVEL = 0;
				GCC_PREPROCESSOR_DEFINITIONS = (
					"DEBUG=1",
					"$(inherited)",
				);
				GCC_WARN_64_TO_32_BIT_CONVERSION = YES;
				GCC_WARN_ABOUT_RETURN_TYPE = YES_ERROR;
				GCC_WARN_UNDECLARED_SELECTOR = YES;
				GCC_WARN_UNINITIALIZED_AUTOS = YES_AGGRESSIVE;
				GCC_WARN_UNUSED_FUNCTION = YES;
				GCC_WARN_UNUSED_VARIABLE = YES;
				IPHONEOS_DEPLOYMENT_TARGET = 12.2;
				MTL_ENABLE_DEBUG_INFO = INCLUDE_SOURCE;
				MTL_FAST_MATH = YES;
				ONLY_ACTIVE_ARCH = YES;
				SDKROOT = iphoneos;
				SWIFT_ACTIVE_COMPILATION_CONDITIONS = DEBUG;
				SWIFT_OPTIMIZATION_LEVEL = "-Onone";
			};
			name = Debug;
		};
		DD20EF5522D3FB0E00B08C68 /* Release */ = {
			isa = XCBuildConfiguration;
			buildSettings = {
				ALWAYS_SEARCH_USER_PATHS = NO;
				CLANG_ANALYZER_NONNULL = YES;
				CLANG_ANALYZER_NUMBER_OBJECT_CONVERSION = YES_AGGRESSIVE;
				CLANG_CXX_LANGUAGE_STANDARD = "gnu++14";
				CLANG_CXX_LIBRARY = "libc++";
				CLANG_ENABLE_MODULES = YES;
				CLANG_ENABLE_OBJC_ARC = YES;
				CLANG_ENABLE_OBJC_WEAK = YES;
				CLANG_WARN_BLOCK_CAPTURE_AUTORELEASING = YES;
				CLANG_WARN_BOOL_CONVERSION = YES;
				CLANG_WARN_COMMA = YES;
				CLANG_WARN_CONSTANT_CONVERSION = YES;
				CLANG_WARN_DEPRECATED_OBJC_IMPLEMENTATIONS = YES;
				CLANG_WARN_DIRECT_OBJC_ISA_USAGE = YES_ERROR;
				CLANG_WARN_DOCUMENTATION_COMMENTS = YES;
				CLANG_WARN_EMPTY_BODY = YES;
				CLANG_WARN_ENUM_CONVERSION = YES;
				CLANG_WARN_INFINITE_RECURSION = YES;
				CLANG_WARN_INT_CONVERSION = YES;
				CLANG_WARN_NON_LITERAL_NULL_CONVERSION = YES;
				CLANG_WARN_OBJC_IMPLICIT_RETAIN_SELF = YES;
				CLANG_WARN_OBJC_LITERAL_CONVERSION = YES;
				CLANG_WARN_OBJC_ROOT_CLASS = YES_ERROR;
				CLANG_WARN_RANGE_LOOP_ANALYSIS = YES;
				CLANG_WARN_STRICT_PROTOTYPES = YES;
				CLANG_WARN_SUSPICIOUS_MOVE = YES;
				CLANG_WARN_UNGUARDED_AVAILABILITY = YES_AGGRESSIVE;
				CLANG_WARN_UNREACHABLE_CODE = YES;
				CLANG_WARN__DUPLICATE_METHOD_MATCH = YES;
				CODE_SIGN_IDENTITY = "iPhone Developer";
				COPY_PHASE_STRIP = NO;
				DEBUG_INFORMATION_FORMAT = "dwarf-with-dsym";
				ENABLE_NS_ASSERTIONS = NO;
				ENABLE_STRICT_OBJC_MSGSEND = YES;
				GCC_C_LANGUAGE_STANDARD = gnu11;
				GCC_NO_COMMON_BLOCKS = YES;
				GCC_WARN_64_TO_32_BIT_CONVERSION = YES;
				GCC_WARN_ABOUT_RETURN_TYPE = YES_ERROR;
				GCC_WARN_UNDECLARED_SELECTOR = YES;
				GCC_WARN_UNINITIALIZED_AUTOS = YES_AGGRESSIVE;
				GCC_WARN_UNUSED_FUNCTION = YES;
				GCC_WARN_UNUSED_VARIABLE = YES;
				IPHONEOS_DEPLOYMENT_TARGET = 12.2;
				MTL_ENABLE_DEBUG_INFO = NO;
				MTL_FAST_MATH = YES;
				SDKROOT = iphoneos;
				SWIFT_COMPILATION_MODE = wholemodule;
				SWIFT_OPTIMIZATION_LEVEL = "-O";
				VALIDATE_PRODUCT = YES;
			};
			name = Release;
		};
		DD20EF5722D3FB0E00B08C68 /* Debug */ = {
			isa = XCBuildConfiguration;
			buildSettings = {
				ASSETCATALOG_COMPILER_APPICON_NAME = AppIcon;
				CODE_SIGN_STYLE = Automatic;
				DEVELOPMENT_TEAM = 27WGL4BZHE;
				INFOPLIST_FILE = TestObserver/Info.plist;
				LD_RUNPATH_SEARCH_PATHS = (
					"$(inherited)",
					"@executable_path/Frameworks",
				);
				PRODUCT_BUNDLE_IDENTIFIER = com.prapps.com.TestObserver;
				PRODUCT_NAME = "$(TARGET_NAME)";
				SWIFT_VERSION = 5.0;
				TARGETED_DEVICE_FAMILY = "1,2";
			};
			name = Debug;
		};
		DD20EF5822D3FB0E00B08C68 /* Release */ = {
			isa = XCBuildConfiguration;
			buildSettings = {
				ASSETCATALOG_COMPILER_APPICON_NAME = AppIcon;
				CODE_SIGN_STYLE = Automatic;
				DEVELOPMENT_TEAM = 27WGL4BZHE;
				INFOPLIST_FILE = TestObserver/Info.plist;
				LD_RUNPATH_SEARCH_PATHS = (
					"$(inherited)",
					"@executable_path/Frameworks",
				);
				PRODUCT_BUNDLE_IDENTIFIER = com.prapps.com.TestObserver;
				PRODUCT_NAME = "$(TARGET_NAME)";
				SWIFT_VERSION = 5.0;
				TARGETED_DEVICE_FAMILY = "1,2";
			};
			name = Release;
		};
		DD20EF5A22D3FB0E00B08C68 /* Debug */ = {
			isa = XCBuildConfiguration;
			buildSettings = {
				ALWAYS_EMBED_SWIFT_STANDARD_LIBRARIES = YES;
				BUNDLE_LOADER = "$(TEST_HOST)";
				CODE_SIGN_STYLE = Automatic;
				DEVELOPMENT_TEAM = 27WGL4BZHE;
				INFOPLIST_FILE = TestObserverTests/Info.plist;
				LD_RUNPATH_SEARCH_PATHS = (
					"$(inherited)",
					"@executable_path/Frameworks",
					"@loader_path/Frameworks",
				);
				PRODUCT_BUNDLE_IDENTIFIER = com.prapps.com.TestObserverTests;
				PRODUCT_NAME = "$(TARGET_NAME)";
				SWIFT_VERSION = 5.0;
				TARGETED_DEVICE_FAMILY = "1,2";
				TEST_HOST = "$(BUILT_PRODUCTS_DIR)/TestObserver.app/TestObserver";
			};
			name = Debug;
		};
		DD20EF5B22D3FB0E00B08C68 /* Release */ = {
			isa = XCBuildConfiguration;
			buildSettings = {
				ALWAYS_EMBED_SWIFT_STANDARD_LIBRARIES = YES;
				BUNDLE_LOADER = "$(TEST_HOST)";
				CODE_SIGN_STYLE = Automatic;
				DEVELOPMENT_TEAM = 27WGL4BZHE;
				INFOPLIST_FILE = TestObserverTests/Info.plist;
				LD_RUNPATH_SEARCH_PATHS = (
					"$(inherited)",
					"@executable_path/Frameworks",
					"@loader_path/Frameworks",
				);
				PRODUCT_BUNDLE_IDENTIFIER = com.prapps.com.TestObserverTests;
				PRODUCT_NAME = "$(TARGET_NAME)";
				SWIFT_VERSION = 5.0;
				TARGETED_DEVICE_FAMILY = "1,2";
				TEST_HOST = "$(BUILT_PRODUCTS_DIR)/TestObserver.app/TestObserver";
			};
			name = Release;
		};
		DD20EF5D22D3FB0E00B08C68 /* Debug */ = {
			isa = XCBuildConfiguration;
			buildSettings = {
				ALWAYS_EMBED_SWIFT_STANDARD_LIBRARIES = YES;
				CODE_SIGN_STYLE = Automatic;
				DEVELOPMENT_TEAM = 27WGL4BZHE;
				INFOPLIST_FILE = TestObserverUITests/Info.plist;
				LD_RUNPATH_SEARCH_PATHS = (
					"$(inherited)",
					"@executable_path/Frameworks",
					"@loader_path/Frameworks",
				);
				PRODUCT_BUNDLE_IDENTIFIER = com.prapps.com.TestObserverUITests;
				PRODUCT_NAME = "$(TARGET_NAME)";
				SWIFT_VERSION = 5.0;
				TARGETED_DEVICE_FAMILY = "1,2";
				TEST_TARGET_NAME = TestObserver;
			};
			name = Debug;
		};
		DD20EF5E22D3FB0E00B08C68 /* Release */ = {
			isa = XCBuildConfiguration;
			buildSettings = {
				ALWAYS_EMBED_SWIFT_STANDARD_LIBRARIES = YES;
				CODE_SIGN_STYLE = Automatic;
				DEVELOPMENT_TEAM = 27WGL4BZHE;
				INFOPLIST_FILE = TestObserverUITests/Info.plist;
				LD_RUNPATH_SEARCH_PATHS = (
					"$(inherited)",
					"@executable_path/Frameworks",
					"@loader_path/Frameworks",
				);
				PRODUCT_BUNDLE_IDENTIFIER = com.prapps.com.TestObserverUITests;
				PRODUCT_NAME = "$(TARGET_NAME)";
				SWIFT_VERSION = 5.0;
				TARGETED_DEVICE_FAMILY = "1,2";
				TEST_TARGET_NAME = TestObserver;
			};
			name = Release;
		};
/* End XCBuildConfiguration section */

/* Begin XCConfigurationList section */
		DD20EF2922D3FB0D00B08C68 /* Build configuration list for PBXProject "TestObserver" */ = {
			isa = XCConfigurationList;
			buildConfigurations = (
				DD20EF5422D3FB0E00B08C68 /* Debug */,
				DD20EF5522D3FB0E00B08C68 /* Release */,
			);
			defaultConfigurationIsVisible = 0;
			defaultConfigurationName = Release;
		};
		DD20EF5622D3FB0E00B08C68 /* Build configuration list for PBXNativeTarget "TestObserver" */ = {
			isa = XCConfigurationList;
			buildConfigurations = (
				DD20EF5722D3FB0E00B08C68 /* Debug */,
				DD20EF5822D3FB0E00B08C68 /* Release */,
			);
			defaultConfigurationIsVisible = 0;
			defaultConfigurationName = Release;
		};
		DD20EF5922D3FB0E00B08C68 /* Build configuration list for PBXNativeTarget "TestObserverTests" */ = {
			isa = XCConfigurationList;
			buildConfigurations = (
				DD20EF5A22D3FB0E00B08C68 /* Debug */,
				DD20EF5B22D3FB0E00B08C68 /* Release */,
			);
			defaultConfigurationIsVisible = 0;
			defaultConfigurationName = Release;
		};
		DD20EF5C22D3FB0E00B08C68 /* Build configuration list for PBXNativeTarget "TestObserverUITests" */ = {
			isa = XCConfigurationList;
			buildConfigurations = (
				DD20EF5D22D3FB0E00B08C68 /* Debug */,
				DD20EF5E22D3FB0E00B08C68 /* Release */,
			);
			defaultConfigurationIsVisible = 0;
			defaultConfigurationName = Release;
		};
/* End XCConfigurationList section */
	};
	rootObject = DD20EF2622D3FB0D00B08C68 /* Project object */;
}
